DEPENDENCIES
  mongo
    git: git@github.com:matrbeales/mongo-cookbook.git
    revision: 85d9d6285bc215bf9ef90ac2c9c09e8443b94b65
  node
    git: git@github.com:matrbeales/node-cookbook.git
    revision: 8932e56bedec99c92605239c019ca36a4ddc3ba5

GRAPH
  apt (7.1.1)
  ark (4.0.0)
    build-essential (>= 0.0.0)
    seven_zip (>= 0.0.0)
  build-essential (8.2.1)
    mingw (>= 1.1)
    seven_zip (>= 0.0.0)
  mingw (2.1.0)
    seven_zip (>= 0.0.0)
  mongo (0.1.0)
    apt (>= 0.0.0)
  node (0.1.0)
    apt (>= 0.0.0)
    nodejs (~> 5.0.0)
  nodejs (5.0.0)
    ark (>= 2.0.2)
    build-essential (>= 0.0.0)
  seven_zip (3.1.0)
    windows (>= 0.0.0)
  windows (5.2.3)
